{
    "_readme": [
        "This file locks the dependencies of your project to a known state",
        "Read more about it at https://getcomposer.org/doc/01-basic-usage.md#composer-lock-the-lock-file",
        "This file is @generated automatically"
    ],
    "hash": "afafefbe5647cc7c7164168f1b47866b",
    "packages": [
        {
            "name": "mobly/adapter-psr7",
            "version": "v1.0.1",
            "source": {
                "type": "git",
                "url": "https://github.com/mobly/adapter-psr7.git",
                "reference": "5a601278c8d5912d2c2e5c881fae2f8e44ba221f"
            },
            "dist": {
                "type": "zip",
                "url": "https://api.github.com/repos/mobly/adapter-psr7/zipball/5a601278c8d5912d2c2e5c881fae2f8e44ba221f",
                "reference": "5a601278c8d5912d2c2e5c881fae2f8e44ba221f",
                "shasum": ""
            },
            "require": {
                "php": ">=5.4",
                "psr/cache": "1.0.0"
            },
            "type": "library",
            "autoload": {
                "psr-4": {
                    "Mobly\\Cache\\": "src"
                }
            },
            "notification-url": "https://packagist.org/downloads/",
            "license": [
                "proprietary"
            ],
            "authors": [
                {
                    "name": "Mobly Developers",
                    "email": "dev@mobly.com.br"
                }
            ],
            "description": "Common PSR-7 Adapter",
            "time": "2016-03-07 15:02:55"
        },
        {
            "name": "psr/cache",
            "version": "1.0.0",
            "source": {
                "type": "git",
                "url": "https://github.com/php-fig/cache.git",
                "reference": "9e66031f41fbbdda45ee11e93c45d480ccba3eb3"
            },
            "dist": {
                "type": "zip",
                "url": "https://api.github.com/repos/php-fig/cache/zipball/9e66031f41fbbdda45ee11e93c45d480ccba3eb3",
                "reference": "9e66031f41fbbdda45ee11e93c45d480ccba3eb3",
                "shasum": ""
            },
            "require": {
                "php": ">=5.3.0"
            },
            "type": "library",
            "extra": {
                "branch-alias": {
                    "dev-master": "1.0.x-dev"
                }
            },
            "autoload": {
                "psr-4": {
                    "Psr\\Cache\\": "src/"
                }
            },
            "notification-url": "https://packagist.org/downloads/",
            "license": [
                "MIT"
            ],
            "authors": [
                {
                    "name": "PHP-FIG",
                    "homepage": "http://www.php-fig.org/"
                }
            ],
            "description": "Common interface for caching libraries",
            "keywords": [
                "cache",
                "psr",
                "psr-6"
            ],
            "time": "2015-12-11 02:52:07"
        }
    ],
    "packages-dev": [],
    "aliases": [],
    "minimum-stability": "dev",
    "stability-flags": [],
    "prefer-stable": false,
    "prefer-lowest": false,
    "platform": {
        "php": ">=5.4"
    },
    "platform-dev": []
}
